// !$*UTF8*$!
{
	archiveVersion = 1;
	classes = {
	};
	objectVersion = 50;
	objects = {

/* Begin PBXBuildFile section */
		F609C9F625C2578800689D27 /* PayeesLoader.swift in Sources */ = {isa = PBXBuildFile; fileRef = F609C9F525C2578800689D27 /* PayeesLoader.swift */; };
		F609C9F925C258F000689D27 /* TransactionsLoader.swift in Sources */ = {isa = PBXBuildFile; fileRef = F609C9F825C258F000689D27 /* TransactionsLoader.swift */; };
		F609C9FC25C3979A00689D27 /* BudgetView.swift in Sources */ = {isa = PBXBuildFile; fileRef = F609C9FB25C3979A00689D27 /* BudgetView.swift */; };
		F60AA18C25BCA7EA007228EA /* IndexedCollection.swift in Sources */ = {isa = PBXBuildFile; fileRef = F60AA18B25BCA7EA007228EA /* IndexedCollection.swift */; };
		F60AA19025BD3399007228EA /* UserLoader.swift in Sources */ = {isa = PBXBuildFile; fileRef = F60AA18F25BD3399007228EA /* UserLoader.swift */; };
		F60AA19325BDE827007228EA /* EndpointLoader.swift in Sources */ = {isa = PBXBuildFile; fileRef = F60AA19225BDE827007228EA /* EndpointLoader.swift */; };
		F63F424125BE09BA00489BCC /* BudgetsLoader.swift in Sources */ = {isa = PBXBuildFile; fileRef = F63F424025BE09BA00489BCC /* BudgetsLoader.swift */; };
		F63F424525BFCF7500489BCC /* AccountsLoader.swift in Sources */ = {isa = PBXBuildFile; fileRef = F63F424425BFCF7500489BCC /* AccountsLoader.swift */; };
		F63F424825C1221100489BCC /* CategoryLoader.swift in Sources */ = {isa = PBXBuildFile; fileRef = F63F424725C1221100489BCC /* CategoryLoader.swift */; };
		F6427B3025CEDB4E0032BD1D /* Helpers.swift in Sources */ = {isa = PBXBuildFile; fileRef = F6427B2F25CEDB4E0032BD1D /* Helpers.swift */; };
		F6427B3325D08CC00032BD1D /* BudgetLoadingView.swift in Sources */ = {isa = PBXBuildFile; fileRef = F6427B3225D08CC00032BD1D /* BudgetLoadingView.swift */; };
		F6642B0525A93CCA00C6B0A2 /* Transaction.swift in Sources */ = {isa = PBXBuildFile; fileRef = F6642B0425A93CCA00C6B0A2 /* Transaction.swift */; };
		F6642B0825A93E0400C6B0A2 /* Payee.swift in Sources */ = {isa = PBXBuildFile; fileRef = F6642B0725A93E0400C6B0A2 /* Payee.swift */; };
		F6642B0B25A94F1000C6B0A2 /* User.swift in Sources */ = {isa = PBXBuildFile; fileRef = F6642B0A25A94F1000C6B0A2 /* User.swift */; };
		F6642B0F25A94FCF00C6B0A2 /* Budget.swift in Sources */ = {isa = PBXBuildFile; fileRef = F6642B0E25A94FCF00C6B0A2 /* Budget.swift */; };
		F6642B1225A9505F00C6B0A2 /* Currency.swift in Sources */ = {isa = PBXBuildFile; fileRef = F6642B1125A9505F00C6B0A2 /* Currency.swift */; };
		F6642B1525A952EF00C6B0A2 /* Category.swift in Sources */ = {isa = PBXBuildFile; fileRef = F6642B1425A952EF00C6B0A2 /* Category.swift */; };
		F673F22A25D734410033A295 /* BudgetViewerApp.swift in Sources */ = {isa = PBXBuildFile; fileRef = F673F22925D734410033A295 /* BudgetViewerApp.swift */; };
		F673F23F25D7526D0033A295 /* Properties.plist in Resources */ = {isa = PBXBuildFile; fileRef = F673F23E25D7526D0033A295 /* Properties.plist */; };
		F69690D624CCBAF700FF1F63 /* ContentView.swift in Sources */ = {isa = PBXBuildFile; fileRef = F69690D524CCBAF700FF1F63 /* ContentView.swift */; };
		F69690D824CCBAF900FF1F63 /* Assets.xcassets in Resources */ = {isa = PBXBuildFile; fileRef = F69690D724CCBAF900FF1F63 /* Assets.xcassets */; };
		F69690DB24CCBAF900FF1F63 /* Preview Assets.xcassets in Resources */ = {isa = PBXBuildFile; fileRef = F69690DA24CCBAF900FF1F63 /* Preview Assets.xcassets */; };
		F69690E824CCBB9000FF1F63 /* CategoryView.swift in Sources */ = {isa = PBXBuildFile; fileRef = F69690E724CCBB9000FF1F63 /* CategoryView.swift */; };
		F6BAA9C625A814E5007D9546 /* Account.swift in Sources */ = {isa = PBXBuildFile; fileRef = F6BAA9C525A814E5007D9546 /* Account.swift */; };
		F6BDD60425D768CF00FBAD76 /* BudgetViewer.swift in Sources */ = {isa = PBXBuildFile; fileRef = F6BDD60325D768CF00FBAD76 /* BudgetViewer.swift */; };
		F6BDD60925D99B6A00FBAD76 /* SampleBudget.json in Resources */ = {isa = PBXBuildFile; fileRef = F6BDD60825D99B6A00FBAD76 /* SampleBudget.json */; };
		F6ED954525AB50CA00AB5572 /* DateFormat.swift in Sources */ = {isa = PBXBuildFile; fileRef = F6ED954425AB50CA00AB5572 /* DateFormat.swift */; };
/* End PBXBuildFile section */

/* Begin PBXFileReference section */
		F609C9F525C2578800689D27 /* PayeesLoader.swift */ = {isa = PBXFileReference; lastKnownFileType = sourcecode.swift; path = PayeesLoader.swift; sourceTree = "<group>"; };
		F609C9F825C258F000689D27 /* TransactionsLoader.swift */ = {isa = PBXFileReference; lastKnownFileType = sourcecode.swift; path = TransactionsLoader.swift; sourceTree = "<group>"; };
		F609C9FB25C3979A00689D27 /* BudgetView.swift */ = {isa = PBXFileReference; lastKnownFileType = sourcecode.swift; path = BudgetView.swift; sourceTree = "<group>"; };
		F60AA18B25BCA7EA007228EA /* IndexedCollection.swift */ = {isa = PBXFileReference; lastKnownFileType = sourcecode.swift; path = IndexedCollection.swift; sourceTree = "<group>"; };
		F60AA18F25BD3399007228EA /* UserLoader.swift */ = {isa = PBXFileReference; lastKnownFileType = sourcecode.swift; path = UserLoader.swift; sourceTree = "<group>"; };
		F60AA19225BDE827007228EA /* EndpointLoader.swift */ = {isa = PBXFileReference; lastKnownFileType = sourcecode.swift; path = EndpointLoader.swift; sourceTree = "<group>"; };
		F63F424025BE09BA00489BCC /* BudgetsLoader.swift */ = {isa = PBXFileReference; lastKnownFileType = sourcecode.swift; path = BudgetsLoader.swift; sourceTree = "<group>"; };
		F63F424425BFCF7500489BCC /* AccountsLoader.swift */ = {isa = PBXFileReference; lastKnownFileType = sourcecode.swift; path = AccountsLoader.swift; sourceTree = "<group>"; };
		F63F424725C1221100489BCC /* CategoryLoader.swift */ = {isa = PBXFileReference; lastKnownFileType = sourcecode.swift; path = CategoryLoader.swift; sourceTree = "<group>"; };
		F6427B2F25CEDB4E0032BD1D /* Helpers.swift */ = {isa = PBXFileReference; lastKnownFileType = sourcecode.swift; path = Helpers.swift; sourceTree = "<group>"; };
		F6427B3225D08CC00032BD1D /* BudgetLoadingView.swift */ = {isa = PBXFileReference; lastKnownFileType = sourcecode.swift; path = BudgetLoadingView.swift; sourceTree = "<group>"; };
		F6642B0425A93CCA00C6B0A2 /* Transaction.swift */ = {isa = PBXFileReference; lastKnownFileType = sourcecode.swift; path = Transaction.swift; sourceTree = "<group>"; };
		F6642B0725A93E0400C6B0A2 /* Payee.swift */ = {isa = PBXFileReference; lastKnownFileType = sourcecode.swift; path = Payee.swift; sourceTree = "<group>"; };
		F6642B0A25A94F1000C6B0A2 /* User.swift */ = {isa = PBXFileReference; lastKnownFileType = sourcecode.swift; path = User.swift; sourceTree = "<group>"; };
		F6642B0E25A94FCF00C6B0A2 /* Budget.swift */ = {isa = PBXFileReference; lastKnownFileType = sourcecode.swift; path = Budget.swift; sourceTree = "<group>"; };
		F6642B1125A9505F00C6B0A2 /* Currency.swift */ = {isa = PBXFileReference; lastKnownFileType = sourcecode.swift; path = Currency.swift; sourceTree = "<group>"; };
		F6642B1425A952EF00C6B0A2 /* Category.swift */ = {isa = PBXFileReference; lastKnownFileType = sourcecode.swift; path = Category.swift; sourceTree = "<group>"; };
		F673F22925D734410033A295 /* BudgetViewerApp.swift */ = {isa = PBXFileReference; lastKnownFileType = sourcecode.swift; path = BudgetViewerApp.swift; sourceTree = "<group>"; };
		F673F23E25D7526D0033A295 /* Properties.plist */ = {isa = PBXFileReference; fileEncoding = 4; lastKnownFileType = text.plist.xml; path = Properties.plist; sourceTree = "<group>"; };
		F69690CE24CCBAF700FF1F63 /* BudgetViewer.app */ = {isa = PBXFileReference; explicitFileType = wrapper.application; includeInIndex = 0; path = BudgetViewer.app; sourceTree = BUILT_PRODUCTS_DIR; };
		F69690D524CCBAF700FF1F63 /* ContentView.swift */ = {isa = PBXFileReference; lastKnownFileType = sourcecode.swift; path = ContentView.swift; sourceTree = "<group>"; };
		F69690D724CCBAF900FF1F63 /* Assets.xcassets */ = {isa = PBXFileReference; lastKnownFileType = folder.assetcatalog; path = Assets.xcassets; sourceTree = "<group>"; };
		F69690DA24CCBAF900FF1F63 /* Preview Assets.xcassets */ = {isa = PBXFileReference; lastKnownFileType = folder.assetcatalog; path = "Preview Assets.xcassets"; sourceTree = "<group>"; };
		F69690DF24CCBAF900FF1F63 /* Info.plist */ = {isa = PBXFileReference; lastKnownFileType = text.plist.xml; path = Info.plist; sourceTree = "<group>"; };
		F69690E724CCBB9000FF1F63 /* CategoryView.swift */ = {isa = PBXFileReference; lastKnownFileType = sourcecode.swift; path = CategoryView.swift; sourceTree = "<group>"; };
		F6BAA9C525A814E5007D9546 /* Account.swift */ = {isa = PBXFileReference; lastKnownFileType = sourcecode.swift; path = Account.swift; sourceTree = "<group>"; };
		F6BDD60325D768CF00FBAD76 /* BudgetViewer.swift */ = {isa = PBXFileReference; lastKnownFileType = sourcecode.swift; path = BudgetViewer.swift; sourceTree = "<group>"; };
		F6BDD60825D99B6A00FBAD76 /* SampleBudget.json */ = {isa = PBXFileReference; lastKnownFileType = text.json; path = SampleBudget.json; sourceTree = "<group>"; };
		F6ED954425AB50CA00AB5572 /* DateFormat.swift */ = {isa = PBXFileReference; lastKnownFileType = sourcecode.swift; path = DateFormat.swift; sourceTree = "<group>"; };
/* End PBXFileReference section */

/* Begin PBXFrameworksBuildPhase section */
		F69690CB24CCBAF700FF1F63 /* Frameworks */ = {
			isa = PBXFrameworksBuildPhase;
			buildActionMask = 2147483647;
			files = (
			);
			runOnlyForDeploymentPostprocessing = 0;
		};
/* End PBXFrameworksBuildPhase section */

/* Begin PBXGroup section */
		F60AA18A25BCA7DC007228EA /* Utils */ = {
			isa = PBXGroup;
			children = (
				F60AA18B25BCA7EA007228EA /* IndexedCollection.swift */,
			);
			path = Utils;
			sourceTree = "<group>";
		};
		F60AA18E25BD3316007228EA /* Endpoints */ = {
			isa = PBXGroup;
			children = (
				F60AA18F25BD3399007228EA /* UserLoader.swift */,
				F63F424025BE09BA00489BCC /* BudgetsLoader.swift */,
				F60AA19225BDE827007228EA /* EndpointLoader.swift */,
				F63F424425BFCF7500489BCC /* AccountsLoader.swift */,
				F63F424725C1221100489BCC /* CategoryLoader.swift */,
				F609C9F525C2578800689D27 /* PayeesLoader.swift */,
				F609C9F825C258F000689D27 /* TransactionsLoader.swift */,
			);
			path = Endpoints;
			sourceTree = "<group>";
		};
		F673F23D25D7526D0033A295 /* App */ = {
			isa = PBXGroup;
			children = (
				F673F23E25D7526D0033A295 /* Properties.plist */,
				F673F22925D734410033A295 /* BudgetViewerApp.swift */,
				F6BDD60325D768CF00FBAD76 /* BudgetViewer.swift */,
			);
			path = App;
			sourceTree = "<group>";
		};
		F69690C524CCBAF700FF1F63 = {
			isa = PBXGroup;
			children = (
				F69690D024CCBAF700FF1F63 /* BudgetViewer */,
				F69690CF24CCBAF700FF1F63 /* Products */,
			);
			sourceTree = "<group>";
		};
		F69690CF24CCBAF700FF1F63 /* Products */ = {
			isa = PBXGroup;
			children = (
				F69690CE24CCBAF700FF1F63 /* BudgetViewer.app */,
			);
			name = Products;
			sourceTree = "<group>";
		};
		F69690D024CCBAF700FF1F63 /* BudgetViewer */ = {
			isa = PBXGroup;
			children = (
				F673F23D25D7526D0033A295 /* App */,
				F60AA18E25BD3316007228EA /* Endpoints */,
				F60AA18A25BCA7DC007228EA /* Utils */,
				F6BAA9C425A814D1007D9546 /* Models */,
				F69690E624CCBB7F00FF1F63 /* Views */,
				F69690D724CCBAF900FF1F63 /* Assets.xcassets */,
				F69690DF24CCBAF900FF1F63 /* Info.plist */,
				F69690D924CCBAF900FF1F63 /* Preview Content */,
			);
			path = BudgetViewer;
			sourceTree = "<group>";
		};
		F69690D924CCBAF900FF1F63 /* Preview Content */ = {
			isa = PBXGroup;
			children = (
				F69690DA24CCBAF900FF1F63 /* Preview Assets.xcassets */,
				F6BDD60825D99B6A00FBAD76 /* SampleBudget.json */,
			);
			path = "Preview Content";
			sourceTree = "<group>";
		};
		F69690E624CCBB7F00FF1F63 /* Views */ = {
			isa = PBXGroup;
			children = (
				F69690D524CCBAF700FF1F63 /* ContentView.swift */,
				F69690E724CCBB9000FF1F63 /* CategoryView.swift */,
				F609C9FB25C3979A00689D27 /* BudgetView.swift */,
				F6427B3225D08CC00032BD1D /* BudgetLoadingView.swift */,
			);
			path = Views;
			sourceTree = "<group>";
		};
		F6BAA9C425A814D1007D9546 /* Models */ = {
			isa = PBXGroup;
			children = (
				F6BAA9C525A814E5007D9546 /* Account.swift */,
				F6642B0425A93CCA00C6B0A2 /* Transaction.swift */,
				F6642B0725A93E0400C6B0A2 /* Payee.swift */,
				F6642B0A25A94F1000C6B0A2 /* User.swift */,
				F6642B0E25A94FCF00C6B0A2 /* Budget.swift */,
				F6642B1125A9505F00C6B0A2 /* Currency.swift */,
				F6642B1425A952EF00C6B0A2 /* Category.swift */,
				F6ED954425AB50CA00AB5572 /* DateFormat.swift */,
				F6427B2F25CEDB4E0032BD1D /* Helpers.swift */,
			);
			path = Models;
			sourceTree = "<group>";
		};
/* End PBXGroup section */

/* Begin PBXNativeTarget section */
		F69690CD24CCBAF700FF1F63 /* BudgetViewer */ = {
			isa = PBXNativeTarget;
			buildConfigurationList = F69690E224CCBAF900FF1F63 /* Build configuration list for PBXNativeTarget "BudgetViewer" */;
			buildPhases = (
				F69690CA24CCBAF700FF1F63 /* Sources */,
				F69690CB24CCBAF700FF1F63 /* Frameworks */,
				F69690CC24CCBAF700FF1F63 /* Resources */,
			);
			buildRules = (
			);
			dependencies = (
			);
			name = BudgetViewer;
			productName = BudgetViewer;
			productReference = F69690CE24CCBAF700FF1F63 /* BudgetViewer.app */;
			productType = "com.apple.product-type.application";
		};
/* End PBXNativeTarget section */

/* Begin PBXProject section */
		F69690C624CCBAF700FF1F63 /* Project object */ = {
			isa = PBXProject;
			attributes = {
				LastSwiftUpdateCheck = 1150;
				LastUpgradeCheck = 1230;
				ORGANIZATIONNAME = "Oscar Echeverri";
				TargetAttributes = {
					F69690CD24CCBAF700FF1F63 = {
						CreatedOnToolsVersion = 11.5;
					};
				};
			};
			buildConfigurationList = F69690C924CCBAF700FF1F63 /* Build configuration list for PBXProject "BudgetViewer" */;
			compatibilityVersion = "Xcode 9.3";
			developmentRegion = en;
			hasScannedForEncodings = 0;
			knownRegions = (
				en,
				Base,
			);
			mainGroup = F69690C524CCBAF700FF1F63;
			productRefGroup = F69690CF24CCBAF700FF1F63 /* Products */;
			projectDirPath = "";
			projectRoot = "";
			targets = (
				F69690CD24CCBAF700FF1F63 /* BudgetViewer */,
			);
		};
/* End PBXProject section */

/* Begin PBXResourcesBuildPhase section */
		F69690CC24CCBAF700FF1F63 /* Resources */ = {
			isa = PBXResourcesBuildPhase;
			buildActionMask = 2147483647;
			files = (
				F69690DB24CCBAF900FF1F63 /* Preview Assets.xcassets in Resources */,
				F69690D824CCBAF900FF1F63 /* Assets.xcassets in Resources */,
				F6BDD60925D99B6A00FBAD76 /* SampleBudget.json in Resources */,
				F673F23F25D7526D0033A295 /* Properties.plist in Resources */,
			);
			runOnlyForDeploymentPostprocessing = 0;
		};
/* End PBXResourcesBuildPhase section */

/* Begin PBXSourcesBuildPhase section */
		F69690CA24CCBAF700FF1F63 /* Sources */ = {
			isa = PBXSourcesBuildPhase;
			buildActionMask = 2147483647;
			files = (
				F6642B0525A93CCA00C6B0A2 /* Transaction.swift in Sources */,
				F6BAA9C625A814E5007D9546 /* Account.swift in Sources */,
				F6BDD60425D768CF00FBAD76 /* BudgetViewer.swift in Sources */,
				F63F424825C1221100489BCC /* CategoryLoader.swift in Sources */,
				F60AA19325BDE827007228EA /* EndpointLoader.swift in Sources */,
				F609C9FC25C3979A00689D27 /* BudgetView.swift in Sources */,
				F63F424125BE09BA00489BCC /* BudgetsLoader.swift in Sources */,
				F6642B0F25A94FCF00C6B0A2 /* Budget.swift in Sources */,
				F673F22A25D734410033A295 /* BudgetViewerApp.swift in Sources */,
				F63F424525BFCF7500489BCC /* AccountsLoader.swift in Sources */,
				F69690E824CCBB9000FF1F63 /* CategoryView.swift in Sources */,
				F6ED954525AB50CA00AB5572 /* DateFormat.swift in Sources */,
				F6642B1225A9505F00C6B0A2 /* Currency.swift in Sources */,
				F6642B0B25A94F1000C6B0A2 /* User.swift in Sources */,
				F6642B0825A93E0400C6B0A2 /* Payee.swift in Sources */,
				F609C9F625C2578800689D27 /* PayeesLoader.swift in Sources */,
				F6427B3025CEDB4E0032BD1D /* Helpers.swift in Sources */,
				F609C9F925C258F000689D27 /* TransactionsLoader.swift in Sources */,
				F60AA18C25BCA7EA007228EA /* IndexedCollection.swift in Sources */,
				F6427B3325D08CC00032BD1D /* BudgetLoadingView.swift in Sources */,
				F69690D624CCBAF700FF1F63 /* ContentView.swift in Sources */,
				F6642B1525A952EF00C6B0A2 /* Category.swift in Sources */,
				F60AA19025BD3399007228EA /* UserLoader.swift in Sources */,
			);
			runOnlyForDeploymentPostprocessing = 0;
		};
/* End PBXSourcesBuildPhase section */

/* Begin XCBuildConfiguration section */
		F69690E024CCBAF900FF1F63 /* Debug */ = {
			isa = XCBuildConfiguration;
			buildSettings = {
				ALWAYS_SEARCH_USER_PATHS = NO;
				CLANG_ANALYZER_NONNULL = YES;
				CLANG_ANALYZER_NUMBER_OBJECT_CONVERSION = YES_AGGRESSIVE;
				CLANG_CXX_LANGUAGE_STANDARD = "gnu++14";
				CLANG_CXX_LIBRARY = "libc++";
				CLANG_ENABLE_MODULES = YES;
				CLANG_ENABLE_OBJC_ARC = YES;
				CLANG_ENABLE_OBJC_WEAK = YES;
				CLANG_WARN_BLOCK_CAPTURE_AUTORELEASING = YES;
				CLANG_WARN_BOOL_CONVERSION = YES;
				CLANG_WARN_COMMA = YES;
				CLANG_WARN_CONSTANT_CONVERSION = YES;
				CLANG_WARN_DEPRECATED_OBJC_IMPLEMENTATIONS = YES;
				CLANG_WARN_DIRECT_OBJC_ISA_USAGE = YES_ERROR;
				CLANG_WARN_DOCUMENTATION_COMMENTS = YES;
				CLANG_WARN_EMPTY_BODY = YES;
				CLANG_WARN_ENUM_CONVERSION = YES;
				CLANG_WARN_INFINITE_RECURSION = YES;
				CLANG_WARN_INT_CONVERSION = YES;
				CLANG_WARN_NON_LITERAL_NULL_CONVERSION = YES;
				CLANG_WARN_OBJC_IMPLICIT_RETAIN_SELF = YES;
				CLANG_WARN_OBJC_LITERAL_CONVERSION = YES;
				CLANG_WARN_OBJC_ROOT_CLASS = YES_ERROR;
				CLANG_WARN_QUOTED_INCLUDE_IN_FRAMEWORK_HEADER = YES;
				CLANG_WARN_RANGE_LOOP_ANALYSIS = YES;
				CLANG_WARN_STRICT_PROTOTYPES = YES;
				CLANG_WARN_SUSPICIOUS_MOVE = YES;
				CLANG_WARN_UNGUARDED_AVAILABILITY = YES_AGGRESSIVE;
				CLANG_WARN_UNREACHABLE_CODE = YES;
				CLANG_WARN__DUPLICATE_METHOD_MATCH = YES;
				COPY_PHASE_STRIP = NO;
				DEBUG_INFORMATION_FORMAT = dwarf;
				ENABLE_STRICT_OBJC_MSGSEND = YES;
				ENABLE_TESTABILITY = YES;
				GCC_C_LANGUAGE_STANDARD = gnu11;
				GCC_DYNAMIC_NO_PIC = NO;
				GCC_NO_COMMON_BLOCKS = YES;
				GCC_OPTIMIZATION_LEVEL = 0;
				GCC_PREPROCESSOR_DEFINITIONS = (
					"DEBUG=1",
					"$(inherited)",
				);
				GCC_WARN_64_TO_32_BIT_CONVERSION = YES;
				GCC_WARN_ABOUT_RETURN_TYPE = YES_ERROR;
				GCC_WARN_UNDECLARED_SELECTOR = YES;
				GCC_WARN_UNINITIALIZED_AUTOS = YES_AGGRESSIVE;
				GCC_WARN_UNUSED_FUNCTION = YES;
				GCC_WARN_UNUSED_VARIABLE = YES;
				IPHONEOS_DEPLOYMENT_TARGET = 14.0;
				MTL_ENABLE_DEBUG_INFO = INCLUDE_SOURCE;
				MTL_FAST_MATH = YES;
				ONLY_ACTIVE_ARCH = YES;
				SDKROOT = iphoneos;
				SWIFT_ACTIVE_COMPILATION_CONDITIONS = DEBUG;
				SWIFT_OPTIMIZATION_LEVEL = "-Onone";
			};
			name = Debug;
		};
		F69690E124CCBAF900FF1F63 /* Release */ = {
			isa = XCBuildConfiguration;
			buildSettings = {
				ALWAYS_SEARCH_USER_PATHS = NO;
				CLANG_ANALYZER_NONNULL = YES;
				CLANG_ANALYZER_NUMBER_OBJECT_CONVERSION = YES_AGGRESSIVE;
				CLANG_CXX_LANGUAGE_STANDARD = "gnu++14";
				CLANG_CXX_LIBRARY = "libc++";
				CLANG_ENABLE_MODULES = YES;
				CLANG_ENABLE_OBJC_ARC = YES;
				CLANG_ENABLE_OBJC_WEAK = YES;
				CLANG_WARN_BLOCK_CAPTURE_AUTORELEASING = YES;
				CLANG_WARN_BOOL_CONVERSION = YES;
				CLANG_WARN_COMMA = YES;
				CLANG_WARN_CONSTANT_CONVERSION = YES;
				CLANG_WARN_DEPRECATED_OBJC_IMPLEMENTATIONS = YES;
				CLANG_WARN_DIRECT_OBJC_ISA_USAGE = YES_ERROR;
				CLANG_WARN_DOCUMENTATION_COMMENTS = YES;
				CLANG_WARN_EMPTY_BODY = YES;
				CLANG_WARN_ENUM_CONVERSION = YES;
				CLANG_WARN_INFINITE_RECURSION = YES;
				CLANG_WARN_INT_CONVERSION = YES;
				CLANG_WARN_NON_LITERAL_NULL_CONVERSION = YES;
				CLANG_WARN_OBJC_IMPLICIT_RETAIN_SELF = YES;
				CLANG_WARN_OBJC_LITERAL_CONVERSION = YES;
				CLANG_WARN_OBJC_ROOT_CLASS = YES_ERROR;
				CLANG_WARN_QUOTED_INCLUDE_IN_FRAMEWORK_HEADER = YES;
				CLANG_WARN_RANGE_LOOP_ANALYSIS = YES;
				CLANG_WARN_STRICT_PROTOTYPES = YES;
				CLANG_WARN_SUSPICIOUS_MOVE = YES;
				CLANG_WARN_UNGUARDED_AVAILABILITY = YES_AGGRESSIVE;
				CLANG_WARN_UNREACHABLE_CODE = YES;
				CLANG_WARN__DUPLICATE_METHOD_MATCH = YES;
				COPY_PHASE_STRIP = NO;
				DEBUG_INFORMATION_FORMAT = "dwarf-with-dsym";
				ENABLE_NS_ASSERTIONS = NO;
				ENABLE_STRICT_OBJC_MSGSEND = YES;
				GCC_C_LANGUAGE_STANDARD = gnu11;
				GCC_NO_COMMON_BLOCKS = YES;
				GCC_WARN_64_TO_32_BIT_CONVERSION = YES;
				GCC_WARN_ABOUT_RETURN_TYPE = YES_ERROR;
				GCC_WARN_UNDECLARED_SELECTOR = YES;
				GCC_WARN_UNINITIALIZED_AUTOS = YES_AGGRESSIVE;
				GCC_WARN_UNUSED_FUNCTION = YES;
				GCC_WARN_UNUSED_VARIABLE = YES;
				IPHONEOS_DEPLOYMENT_TARGET = 14.0;
				MTL_ENABLE_DEBUG_INFO = NO;
				MTL_FAST_MATH = YES;
				SDKROOT = iphoneos;
				SWIFT_COMPILATION_MODE = wholemodule;
				SWIFT_OPTIMIZATION_LEVEL = "-O";
				VALIDATE_PRODUCT = YES;
			};
			name = Release;
		};
		F69690E324CCBAF900FF1F63 /* Debug */ = {
			isa = XCBuildConfiguration;
			buildSettings = {
				ASSETCATALOG_COMPILER_APPICON_NAME = AppIcon;
				CODE_SIGN_STYLE = Automatic;
				DEVELOPMENT_ASSET_PATHS = "\"BudgetViewer/Preview Content\"";
				DEVELOPMENT_TEAM = 9PSYN3N9X6;
				ENABLE_PREVIEWS = YES;
				INFOPLIST_FILE = BudgetViewer/Info.plist;
				LD_RUNPATH_SEARCH_PATHS = (
					"$(inherited)",
					"@executable_path/Frameworks",
				);
				PRODUCT_BUNDLE_IDENTIFIER = ca.echeverri.BudgetViewer;
				PRODUCT_NAME = "$(TARGET_NAME)";
				SWIFT_VERSION = 5.0;
				TARGETED_DEVICE_FAMILY = "1,2";
			};
			name = Debug;
		};
		F69690E424CCBAF900FF1F63 /* Release */ = {
			isa = XCBuildConfiguration;
			buildSettings = {
				ASSETCATALOG_COMPILER_APPICON_NAME = AppIcon;
				CODE_SIGN_STYLE = Automatic;
				DEVELOPMENT_ASSET_PATHS = "\"BudgetViewer/Preview Content\"";
				DEVELOPMENT_TEAM = 9PSYN3N9X6;
				ENABLE_PREVIEWS = YES;
				INFOPLIST_FILE = BudgetViewer/Info.plist;
				LD_RUNPATH_SEARCH_PATHS = (
					"$(inherited)",
					"@executable_path/Frameworks",
				);
				PRODUCT_BUNDLE_IDENTIFIER = ca.echeverri.BudgetViewer;
				PRODUCT_NAME = "$(TARGET_NAME)";
				SWIFT_VERSION = 5.0;
				TARGETED_DEVICE_FAMILY = "1,2";
			};
			name = Release;
		};
/* End XCBuildConfiguration section */

/* Begin XCConfigurationList section */
		F69690C924CCBAF700FF1F63 /* Build configuration list for PBXProject "BudgetViewer" */ = {
			isa = XCConfigurationList;
			buildConfigurations = (
				F69690E024CCBAF900FF1F63 /* Debug */,
				F69690E124CCBAF900FF1F63 /* Release */,
			);
			defaultConfigurationIsVisible = 0;
			defaultConfigurationName = Release;
		};
		F69690E224CCBAF900FF1F63 /* Build configuration list for PBXNativeTarget "BudgetViewer" */ = {
			isa = XCConfigurationList;
			buildConfigurations = (
				F69690E324CCBAF900FF1F63 /* Debug */,
				F69690E424CCBAF900FF1F63 /* Release */,
			);
			defaultConfigurationIsVisible = 0;
			defaultConfigurationName = Release;
		};
/* End XCConfigurationList section */
	};
	rootObject = F69690C624CCBAF700FF1F63 /* Project object */;
}
